
Microsoft Visual Studio Solution File, Format Version 12.00
# Visual Studio Version 16
VisualStudioVersion = 16.0.30907.101
MinimumVisualStudioVersion = 10.0.40219.1
Project("{FAE04EC0-301F-11D3-BF4B-00C04F79EFBC}") = "Apteka", "Apteka\Apteka.csproj", "{EFE6E987-03D4-4B2C-9E57-5AD8CE267A49}"
EndProject
Project("{54435603-DBB4-11D2-8724-00A0C9A8B90C}") = "Setup", "Setup\Setup.vdproj", "{94783E3F-5FE1-4EF0-8DF6-726639F3C59D}"
EndProject
Global
	GlobalSection(SolutionConfigurationPlatforms) = preSolution
		Debug|Any CPU = Debug|Any CPU
		Release|Any CPU = Release|Any CPU
	EndGlobalSection
	GlobalSection(ProjectConfigurationPlatforms) = postSolution
		{EFE6E987-03D4-4B2C-9E57-5AD8CE267A49}.Debug|Any CPU.ActiveCfg = Debug|Any CPU
		{EFE6E987-03D4-4B2C-9E57-5AD8CE267A49}.Debug|Any CPU.Build.0 = Debug|Any CPU
		{EFE6E987-03D4-4B2C-9E57-5AD8CE267A49}.Release|Any CPU.ActiveCfg = Release|Any CPU
		{EFE6E987-03D4-4B2C-9E57-5AD8CE267A49}.Release|Any CPU.Build.0 = Release|Any CPU
		{94783E3F-5FE1-4EF0-8DF6-726639F3C59D}.Debug|Any CPU.ActiveCfg = Debug
		{94783E3F-5FE1-4EF0-8DF6-726639F3C59D}.Release|Any CPU.ActiveCfg = Release
	EndGlobalSection
	GlobalSection(SolutionProperties) = preSolution
		HideSolutionNode = FALSE
	EndGlobalSection
	GlobalSection(ExtensibilityGlobals) = postSolution
		SolutionGuid = {CDC1F563-464A-4AE3-99AC-8482160776CF}
	EndGlobalSection
EndGlobal
